{
  "nodes": {
    "nixpkgs": {
      "locked": {
        "lastModified": 1708918445,
        "narHash": "sha256-ITr/zd3C7Z8LrLuRlop51JVUlb6AfrnWLWs9Ins4CiI=",
        "owner": "NixOS",
        "repo": "nixpkgs",
        "rev": "af810fc67e4084c23897d3a3be008510867eaf89",
        "type": "github"
      },
      "original": {
        "owner": "NixOS",
        "ref": "master",
        "repo": "nixpkgs",
        "type": "github"
      }
    },
    "root": {
      "inputs": {
        "nixpkgs": "nixpkgs"
      }
    }
  },
  "root": "root",
  "version": 7
}
