{
  "nodes": {
    "nixpkgs": {
      "locked": {
        "lastModified": 1708017185,
        "narHash": "sha256-tJbxKXACbMROpLJ7KAGYE85EJq5/OjvDH8T71uDCvcg=",
        "owner": "shlevy",
        "repo": "nixpkgs",
        "rev": "9188bb5186c88b9e98da1de9420e53bf9d68180d",
        "type": "github"
      },
      "original": {
        "owner": "shlevy",
        "ref": "ovmf-ms",
        "repo": "nixpkgs",
        "type": "github"
      }
    },
    "root": {
      "inputs": {
        "nixpkgs": "nixpkgs"
      }
    }
  },
  "root": "root",
  "version": 7
}
